
Microsoft Visual Studio Solution File, Format Version 12.00
# Visual Studio Version 16
VisualStudioVersion = 16.0.33130.400
MinimumVisualStudioVersion = 10.0.40219.1
Project("{FAE04EC0-301F-11D3-BF4B-00C04F79EFBC}") = "solucion_2", "solucion_2\solucion_2.csproj", "{133C04F9-E850-4322-B689-A39C5BD207F0}"
EndProject
Global
	GlobalSection(SolutionConfigurationPlatforms) = preSolution
		Debug|Any CPU = Debug|Any CPU
		Release|Any CPU = Release|Any CPU
	EndGlobalSection
	GlobalSection(ProjectConfigurationPlatforms) = postSolution
		{133C04F9-E850-4322-B689-A39C5BD207F0}.Debug|Any CPU.ActiveCfg = Debug|Any CPU
		{133C04F9-E850-4322-B689-A39C5BD207F0}.Debug|Any CPU.Build.0 = Debug|Any CPU
		{133C04F9-E850-4322-B689-A39C5BD207F0}.Release|Any CPU.ActiveCfg = Release|Any CPU
		{133C04F9-E850-4322-B689-A39C5BD207F0}.Release|Any CPU.Build.0 = Release|Any CPU
	EndGlobalSection
	GlobalSection(SolutionProperties) = preSolution
		HideSolutionNode = FALSE
	EndGlobalSection
	GlobalSection(ExtensibilityGlobals) = postSolution
		SolutionGuid = {A8729CBC-783C-47D8-BA9A-D1708100B9EA}
	EndGlobalSection
EndGlobal
